{
  "name": "Lumber",
  "lockfileVersion": 3,
  "requires": true,
  "packages": {
    "": {
      "dependencies": {
        "@fontsource/lato": "^5.1.1"
      }
    },
    "node_modules/@fontsource/lato": {
      "version": "5.1.1",
      "resolved": "https://registry.npmjs.org/@fontsource/lato/-/lato-5.1.1.tgz",
      "integrity": "sha512-sHnUKhfLcCxa2DTfXlpFntXJAFJ/s4kmmRFRf29Dp7dBcdFdlvWjCbXPZf1rhkzdE1vqTwBVlOGSX/kFgIOkhg==",
      "license": "OFL-1.1"
    }
  }
}
